lockfileVersion: '9.0'

settings:
  autoInstallPeers: true
  excludeLinksFromLockfile: false

importers:

  .:
    dependencies:
      '@biomejs/biome':
        specifier: ^1.7.3
        version: 1.7.3

packages:

  '@biomejs/biome@1.7.3':
    resolution: {integrity: sha512-ogFQI+fpXftr+tiahA6bIXwZ7CSikygASdqMtH07J2cUzrpjyTMVc9Y97v23c7/tL1xCZhM+W9k4hYIBm7Q6cQ==}
    engines: {node: '>=14.21.3'}
    hasBin: true

  '@biomejs/cli-darwin-arm64@1.7.3':
    resolution: {integrity: sha512-eDvLQWmGRqrPIRY7AIrkPHkQ3visEItJKkPYSHCscSDdGvKzYjmBJwG1Gu8+QC5ed6R7eiU63LEC0APFBobmfQ==}
    engines: {node: '>=14.21.3'}
    cpu: [arm64]
    os: [darwin]

  '@biomejs/cli-darwin-x64@1.7.3':
    resolution: {integrity: sha512-JXCaIseKRER7dIURsVlAJacnm8SG5I0RpxZ4ya3dudASYUc68WGl4+FEN03ABY3KMIq7hcK1tzsJiWlmXyosZg==}
    engines: {node: '>=14.21.3'}
    cpu: [x64]
    os: [darwin]

  '@biomejs/cli-linux-arm64-musl@1.7.3':
    resolution: {integrity: sha512-c8AlO45PNFZ1BYcwaKzdt46kYbuP6xPGuGQ6h4j3XiEDpyseRRUy/h+6gxj07XovmyxKnSX9GSZ6nVbZvcVUAw==}
    engines: {node: '>=14.21.3'}
    cpu: [arm64]
    os: [linux]

  '@biomejs/cli-linux-arm64@1.7.3':
    resolution: {integrity: sha512-phNTBpo7joDFastnmZsFjYcDYobLTx4qR4oPvc9tJ486Bd1SfEVPHEvJdNJrMwUQK56T+TRClOQd/8X1nnjA9w==}
    engines: {node: '>=14.21.3'}
    cpu: [arm64]
    os: [linux]

  '@biomejs/cli-linux-x64-musl@1.7.3':
    resolution: {integrity: sha512-UdEHKtYGWEX3eDmVWvQeT+z05T9/Sdt2+F/7zmMOFQ7boANeX8pcO6EkJPK3wxMudrApsNEKT26rzqK6sZRTRA==}
    engines: {node: '>=14.21.3'}
    cpu: [x64]
    os: [linux]

  '@biomejs/cli-linux-x64@1.7.3':
    resolution: {integrity: sha512-vnedYcd5p4keT3iD48oSKjOIRPYcjSNNbd8MO1bKo9ajg3GwQXZLAH+0Cvlr+eMsO67/HddWmscSQwTFrC/uPA==}
    engines: {node: '>=14.21.3'}
    cpu: [x64]
    os: [linux]

  '@biomejs/cli-win32-arm64@1.7.3':
    resolution: {integrity: sha512-unNCDqUKjujYkkSxs7gFIfdasttbDC4+z0kYmcqzRk6yWVoQBL4dNLcCbdnJS+qvVDNdI9rHp2NwpQ0WAdla4Q==}
    engines: {node: '>=14.21.3'}
    cpu: [arm64]
    os: [win32]

  '@biomejs/cli-win32-x64@1.7.3':
    resolution: {integrity: sha512-ZmByhbrnmz/UUFYB622CECwhKIPjJLLPr5zr3edhu04LzbfcOrz16VYeNq5dpO1ADG70FORhAJkaIGdaVBG00w==}
    engines: {node: '>=14.21.3'}
    cpu: [x64]
    os: [win32]

snapshots:

  '@biomejs/biome@1.7.3':
    optionalDependencies:
      '@biomejs/cli-darwin-arm64': 1.7.3
      '@biomejs/cli-darwin-x64': 1.7.3
      '@biomejs/cli-linux-arm64': 1.7.3
      '@biomejs/cli-linux-arm64-musl': 1.7.3
      '@biomejs/cli-linux-x64': 1.7.3
      '@biomejs/cli-linux-x64-musl': 1.7.3
      '@biomejs/cli-win32-arm64': 1.7.3
      '@biomejs/cli-win32-x64': 1.7.3

  '@biomejs/cli-darwin-arm64@1.7.3':
    optional: true

  '@biomejs/cli-darwin-x64@1.7.3':
    optional: true

  '@biomejs/cli-linux-arm64-musl@1.7.3':
    optional: true

  '@biomejs/cli-linux-arm64@1.7.3':
    optional: true

  '@biomejs/cli-linux-x64-musl@1.7.3':
    optional: true

  '@biomejs/cli-linux-x64@1.7.3':
    optional: true

  '@biomejs/cli-win32-arm64@1.7.3':
    optional: true

  '@biomejs/cli-win32-x64@1.7.3':
    optional: true
