lockfileVersion: '9.0'

settings:
  autoInstallPeers: true
  excludeLinksFromLockfile: false

importers:

  .:
    dependencies:
      '@qubit-rs/client':
        specifier: link:../../packages/client
        version: link:../../packages/client
      '@types/node':
        specifier: ^20.11.25
        version: 20.11.25

packages:

  '@types/node@20.11.25':
    resolution: {integrity: sha512-TBHyJxk2b7HceLVGFcpAUjsa5zIdsPWlR6XHfyGzd0SFu+/NFgQgMAl96MSDZgQDvJAvV6BKsFOrt6zIL09JDw==}

  undici-types@5.26.5:
    resolution: {integrity: sha512-JlCMO+ehdEIKqlFxk6IfVoAUVmgz7cU7zD/h9XZ0qzeosSHmUJVOzSQvvYSYWXkFXC+IfLKSIffhv0sVZup6pA==}

snapshots:

  '@types/node@20.11.25':
    dependencies:
      undici-types: 5.26.5

  undici-types@5.26.5: {}
